{
  "name": "codex-auth",
  "version": "0.1.1",
  "lockfileVersion": 3,
  "requires": true,
  "packages": {
    "": {
      "name": "codex-auth",
      "version": "0.1.1",
      "license": "MIT",
      "bin": {
        "codex-auth": "bin/codex-auth.cjs"
      },
      "engines": {
        "node": ">=18"
      }
    }
  }
}
